# This file was autogenerated by Stack.
# You should not edit this file by hand.
# For more information, please see the documentation at:
#   https://docs.haskellstack.org/en/stable/lock_files

packages: []
snapshots:
- completed:
    size: 555979
    url: https://raw.githubusercontent.com/commercialhaskell/stackage-snapshots/master/nightly/2021/7/15.yaml
    sha256: a80a159e73341a9ccdf994e24879ee500461b815c15ba53ac464cd436c3e9cbd
  original: nightly-2021-07-15
